// !$*UTF8*$!
{
	archiveVersion = 1;
	classes = {
	};
	objectVersion = 55;
	objects = {

/* Begin PBXBuildFile section */
		F253F7D128395289005052CF /* MenuController.swift in Sources */ = {isa = PBXBuildFile; fileRef = F253F7D028395289005052CF /* MenuController.swift */; };
		F2DAA24B2838BD4700AD45A4 /* AppDelegate.swift in Sources */ = {isa = PBXBuildFile; fileRef = F2DAA24A2838BD4700AD45A4 /* AppDelegate.swift */; };
		F2DAA24D2838BD4700AD45A4 /* SceneDelegate.swift in Sources */ = {isa = PBXBuildFile; fileRef = F2DAA24C2838BD4700AD45A4 /* SceneDelegate.swift */; };
		F2DAA24F2838BD4700AD45A4 /* ViewController.swift in Sources */ = {isa = PBXBuildFile; fileRef = F2DAA24E2838BD4700AD45A4 /* ViewController.swift */; };
		F2DAA2522838BD4700AD45A4 /* Main.storyboard in Resources */ = {isa = PBXBuildFile; fileRef = F2DAA2502838BD4700AD45A4 /* Main.storyboard */; };
		F2DAA2542838BD4A00AD45A4 /* Assets.xcassets in Resources */ = {isa = PBXBuildFile; fileRef = F2DAA2532838BD4A00AD45A4 /* Assets.xcassets */; };
		F2DAA2572838BD4A00AD45A4 /* LaunchScreen.storyboard in Resources */ = {isa = PBXBuildFile; fileRef = F2DAA2552838BD4A00AD45A4 /* LaunchScreen.storyboard */; };
		F2DAA25F2838C16D00AD45A4 /* CategoryTableViewController.swift in Sources */ = {isa = PBXBuildFile; fileRef = F2DAA25E2838C16D00AD45A4 /* CategoryTableViewController.swift */; };
		F2DAA2612838C18C00AD45A4 /* MenuTableViewController.swift in Sources */ = {isa = PBXBuildFile; fileRef = F2DAA2602838C18C00AD45A4 /* MenuTableViewController.swift */; };
		F2DAA2632838C1A000AD45A4 /* OrderTableViewController.swift in Sources */ = {isa = PBXBuildFile; fileRef = F2DAA2622838C1A000AD45A4 /* OrderTableViewController.swift */; };
		F2DAA2652838C48300AD45A4 /* MenuItemDetailViewController.swift in Sources */ = {isa = PBXBuildFile; fileRef = F2DAA2642838C48300AD45A4 /* MenuItemDetailViewController.swift */; };
		F2DAA2672838C4E400AD45A4 /* MenuItem.swift in Sources */ = {isa = PBXBuildFile; fileRef = F2DAA2662838C4E400AD45A4 /* MenuItem.swift */; };
		F2DAA2692838C64A00AD45A4 /* ResponseModels.swift in Sources */ = {isa = PBXBuildFile; fileRef = F2DAA2682838C64A00AD45A4 /* ResponseModels.swift */; };
		F2DAA26B2838C72600AD45A4 /* Order.swift in Sources */ = {isa = PBXBuildFile; fileRef = F2DAA26A2838C72600AD45A4 /* Order.swift */; };
/* End PBXBuildFile section */

/* Begin PBXFileReference section */
		F253F7D028395289005052CF /* MenuController.swift */ = {isa = PBXFileReference; lastKnownFileType = sourcecode.swift; path = MenuController.swift; sourceTree = "<group>"; };
		F2DAA2472838BD4700AD45A4 /* OrderApp.app */ = {isa = PBXFileReference; explicitFileType = wrapper.application; includeInIndex = 0; path = OrderApp.app; sourceTree = BUILT_PRODUCTS_DIR; };
		F2DAA24A2838BD4700AD45A4 /* AppDelegate.swift */ = {isa = PBXFileReference; lastKnownFileType = sourcecode.swift; path = AppDelegate.swift; sourceTree = "<group>"; };
		F2DAA24C2838BD4700AD45A4 /* SceneDelegate.swift */ = {isa = PBXFileReference; lastKnownFileType = sourcecode.swift; path = SceneDelegate.swift; sourceTree = "<group>"; };
		F2DAA24E2838BD4700AD45A4 /* ViewController.swift */ = {isa = PBXFileReference; lastKnownFileType = sourcecode.swift; path = ViewController.swift; sourceTree = "<group>"; };
		F2DAA2512838BD4700AD45A4 /* Base */ = {isa = PBXFileReference; lastKnownFileType = file.storyboard; name = Base; path = Base.lproj/Main.storyboard; sourceTree = "<group>"; };
		F2DAA2532838BD4A00AD45A4 /* Assets.xcassets */ = {isa = PBXFileReference; lastKnownFileType = folder.assetcatalog; path = Assets.xcassets; sourceTree = "<group>"; };
		F2DAA2562838BD4A00AD45A4 /* Base */ = {isa = PBXFileReference; lastKnownFileType = file.storyboard; name = Base; path = Base.lproj/LaunchScreen.storyboard; sourceTree = "<group>"; };
		F2DAA2582838BD4A00AD45A4 /* Info.plist */ = {isa = PBXFileReference; lastKnownFileType = text.plist.xml; path = Info.plist; sourceTree = "<group>"; };
		F2DAA25E2838C16D00AD45A4 /* CategoryTableViewController.swift */ = {isa = PBXFileReference; lastKnownFileType = sourcecode.swift; path = CategoryTableViewController.swift; sourceTree = "<group>"; };
		F2DAA2602838C18C00AD45A4 /* MenuTableViewController.swift */ = {isa = PBXFileReference; lastKnownFileType = sourcecode.swift; path = MenuTableViewController.swift; sourceTree = "<group>"; };
		F2DAA2622838C1A000AD45A4 /* OrderTableViewController.swift */ = {isa = PBXFileReference; lastKnownFileType = sourcecode.swift; path = OrderTableViewController.swift; sourceTree = "<group>"; };
		F2DAA2642838C48300AD45A4 /* MenuItemDetailViewController.swift */ = {isa = PBXFileReference; lastKnownFileType = sourcecode.swift; path = MenuItemDetailViewController.swift; sourceTree = "<group>"; };
		F2DAA2662838C4E400AD45A4 /* MenuItem.swift */ = {isa = PBXFileReference; lastKnownFileType = sourcecode.swift; path = MenuItem.swift; sourceTree = "<group>"; };
		F2DAA2682838C64A00AD45A4 /* ResponseModels.swift */ = {isa = PBXFileReference; lastKnownFileType = sourcecode.swift; path = ResponseModels.swift; sourceTree = "<group>"; };
		F2DAA26A2838C72600AD45A4 /* Order.swift */ = {isa = PBXFileReference; lastKnownFileType = sourcecode.swift; path = Order.swift; sourceTree = "<group>"; };
/* End PBXFileReference section */

/* Begin PBXFrameworksBuildPhase section */
		F2DAA2442838BD4700AD45A4 /* Frameworks */ = {
			isa = PBXFrameworksBuildPhase;
			buildActionMask = 2147483647;
			files = (
			);
			runOnlyForDeploymentPostprocessing = 0;
		};
/* End PBXFrameworksBuildPhase section */

/* Begin PBXGroup section */
		F2DAA23E2838BD4700AD45A4 = {
			isa = PBXGroup;
			children = (
				F2DAA2492838BD4700AD45A4 /* OrderApp */,
				F2DAA2482838BD4700AD45A4 /* Products */,
			);
			sourceTree = "<group>";
		};
		F2DAA2482838BD4700AD45A4 /* Products */ = {
			isa = PBXGroup;
			children = (
				F2DAA2472838BD4700AD45A4 /* OrderApp.app */,
			);
			name = Products;
			sourceTree = "<group>";
		};
		F2DAA2492838BD4700AD45A4 /* OrderApp */ = {
			isa = PBXGroup;
			children = (
				F2DAA24A2838BD4700AD45A4 /* AppDelegate.swift */,
				F2DAA24C2838BD4700AD45A4 /* SceneDelegate.swift */,
				F2DAA24E2838BD4700AD45A4 /* ViewController.swift */,
				F2DAA2502838BD4700AD45A4 /* Main.storyboard */,
				F2DAA2642838C48300AD45A4 /* MenuItemDetailViewController.swift */,
				F2DAA25E2838C16D00AD45A4 /* CategoryTableViewController.swift */,
				F2DAA2602838C18C00AD45A4 /* MenuTableViewController.swift */,
				F2DAA2622838C1A000AD45A4 /* OrderTableViewController.swift */,
				F2DAA2662838C4E400AD45A4 /* MenuItem.swift */,
				F2DAA2682838C64A00AD45A4 /* ResponseModels.swift */,
				F2DAA26A2838C72600AD45A4 /* Order.swift */,
				F253F7D028395289005052CF /* MenuController.swift */,
				F2DAA2532838BD4A00AD45A4 /* Assets.xcassets */,
				F2DAA2552838BD4A00AD45A4 /* LaunchScreen.storyboard */,
				F2DAA2582838BD4A00AD45A4 /* Info.plist */,
			);
			path = OrderApp;
			sourceTree = "<group>";
		};
/* End PBXGroup section */

/* Begin PBXNativeTarget section */
		F2DAA2462838BD4700AD45A4 /* OrderApp */ = {
			isa = PBXNativeTarget;
			buildConfigurationList = F2DAA25B2838BD4A00AD45A4 /* Build configuration list for PBXNativeTarget "OrderApp" */;
			buildPhases = (
				F2DAA2432838BD4700AD45A4 /* Sources */,
				F2DAA2442838BD4700AD45A4 /* Frameworks */,
				F2DAA2452838BD4700AD45A4 /* Resources */,
			);
			buildRules = (
			);
			dependencies = (
			);
			name = OrderApp;
			productName = OrderApp;
			productReference = F2DAA2472838BD4700AD45A4 /* OrderApp.app */;
			productType = "com.apple.product-type.application";
		};
/* End PBXNativeTarget section */

/* Begin PBXProject section */
		F2DAA23F2838BD4700AD45A4 /* Project object */ = {
			isa = PBXProject;
			attributes = {
				BuildIndependentTargetsInParallel = 1;
				LastSwiftUpdateCheck = 1340;
				LastUpgradeCheck = 1340;
				TargetAttributes = {
					F2DAA2462838BD4700AD45A4 = {
						CreatedOnToolsVersion = 13.4;
					};
				};
			};
			buildConfigurationList = F2DAA2422838BD4700AD45A4 /* Build configuration list for PBXProject "OrderApp" */;
			compatibilityVersion = "Xcode 13.0";
			developmentRegion = en;
			hasScannedForEncodings = 0;
			knownRegions = (
				en,
				Base,
			);
			mainGroup = F2DAA23E2838BD4700AD45A4;
			productRefGroup = F2DAA2482838BD4700AD45A4 /* Products */;
			projectDirPath = "";
			projectRoot = "";
			targets = (
				F2DAA2462838BD4700AD45A4 /* OrderApp */,
			);
		};
/* End PBXProject section */

/* Begin PBXResourcesBuildPhase section */
		F2DAA2452838BD4700AD45A4 /* Resources */ = {
			isa = PBXResourcesBuildPhase;
			buildActionMask = 2147483647;
			files = (
				F2DAA2572838BD4A00AD45A4 /* LaunchScreen.storyboard in Resources */,
				F2DAA2542838BD4A00AD45A4 /* Assets.xcassets in Resources */,
				F2DAA2522838BD4700AD45A4 /* Main.storyboard in Resources */,
			);
			runOnlyForDeploymentPostprocessing = 0;
		};
/* End PBXResourcesBuildPhase section */

/* Begin PBXSourcesBuildPhase section */
		F2DAA2432838BD4700AD45A4 /* Sources */ = {
			isa = PBXSourcesBuildPhase;
			buildActionMask = 2147483647;
			files = (
				F2DAA24F2838BD4700AD45A4 /* ViewController.swift in Sources */,
				F2DAA24B2838BD4700AD45A4 /* AppDelegate.swift in Sources */,
				F2DAA26B2838C72600AD45A4 /* Order.swift in Sources */,
				F2DAA2612838C18C00AD45A4 /* MenuTableViewController.swift in Sources */,
				F2DAA2652838C48300AD45A4 /* MenuItemDetailViewController.swift in Sources */,
				F253F7D128395289005052CF /* MenuController.swift in Sources */,
				F2DAA24D2838BD4700AD45A4 /* SceneDelegate.swift in Sources */,
				F2DAA2692838C64A00AD45A4 /* ResponseModels.swift in Sources */,
				F2DAA2672838C4E400AD45A4 /* MenuItem.swift in Sources */,
				F2DAA2632838C1A000AD45A4 /* OrderTableViewController.swift in Sources */,
				F2DAA25F2838C16D00AD45A4 /* CategoryTableViewController.swift in Sources */,
			);
			runOnlyForDeploymentPostprocessing = 0;
		};
/* End PBXSourcesBuildPhase section */

/* Begin PBXVariantGroup section */
		F2DAA2502838BD4700AD45A4 /* Main.storyboard */ = {
			isa = PBXVariantGroup;
			children = (
				F2DAA2512838BD4700AD45A4 /* Base */,
			);
			name = Main.storyboard;
			sourceTree = "<group>";
		};
		F2DAA2552838BD4A00AD45A4 /* LaunchScreen.storyboard */ = {
			isa = PBXVariantGroup;
			children = (
				F2DAA2562838BD4A00AD45A4 /* Base */,
			);
			name = LaunchScreen.storyboard;
			sourceTree = "<group>";
		};
/* End PBXVariantGroup section */

/* Begin XCBuildConfiguration section */
		F2DAA2592838BD4A00AD45A4 /* Debug */ = {
			isa = XCBuildConfiguration;
			buildSettings = {
				ALWAYS_SEARCH_USER_PATHS = NO;
				CLANG_ANALYZER_NONNULL = YES;
				CLANG_ANALYZER_NUMBER_OBJECT_CONVERSION = YES_AGGRESSIVE;
				CLANG_CXX_LANGUAGE_STANDARD = "gnu++17";
				CLANG_ENABLE_MODULES = YES;
				CLANG_ENABLE_OBJC_ARC = YES;
				CLANG_ENABLE_OBJC_WEAK = YES;
				CLANG_WARN_BLOCK_CAPTURE_AUTORELEASING = YES;
				CLANG_WARN_BOOL_CONVERSION = YES;
				CLANG_WARN_COMMA = YES;
				CLANG_WARN_CONSTANT_CONVERSION = YES;
				CLANG_WARN_DEPRECATED_OBJC_IMPLEMENTATIONS = YES;
				CLANG_WARN_DIRECT_OBJC_ISA_USAGE = YES_ERROR;
				CLANG_WARN_DOCUMENTATION_COMMENTS = YES;
				CLANG_WARN_EMPTY_BODY = YES;
				CLANG_WARN_ENUM_CONVERSION = YES;
				CLANG_WARN_INFINITE_RECURSION = YES;
				CLANG_WARN_INT_CONVERSION = YES;
				CLANG_WARN_NON_LITERAL_NULL_CONVERSION = YES;
				CLANG_WARN_OBJC_IMPLICIT_RETAIN_SELF = YES;
				CLANG_WARN_OBJC_LITERAL_CONVERSION = YES;
				CLANG_WARN_OBJC_ROOT_CLASS = YES_ERROR;
				CLANG_WARN_QUOTED_INCLUDE_IN_FRAMEWORK_HEADER = YES;
				CLANG_WARN_RANGE_LOOP_ANALYSIS = YES;
				CLANG_WARN_STRICT_PROTOTYPES = YES;
				CLANG_WARN_SUSPICIOUS_MOVE = YES;
				CLANG_WARN_UNGUARDED_AVAILABILITY = YES_AGGRESSIVE;
				CLANG_WARN_UNREACHABLE_CODE = YES;
				CLANG_WARN__DUPLICATE_METHOD_MATCH = YES;
				COPY_PHASE_STRIP = NO;
				DEBUG_INFORMATION_FORMAT = dwarf;
				ENABLE_STRICT_OBJC_MSGSEND = YES;
				ENABLE_TESTABILITY = YES;
				GCC_C_LANGUAGE_STANDARD = gnu11;
				GCC_DYNAMIC_NO_PIC = NO;
				GCC_NO_COMMON_BLOCKS = YES;
				GCC_OPTIMIZATION_LEVEL = 0;
				GCC_PREPROCESSOR_DEFINITIONS = (
					"DEBUG=1",
					"$(inherited)",
				);
				GCC_WARN_64_TO_32_BIT_CONVERSION = YES;
				GCC_WARN_ABOUT_RETURN_TYPE = YES_ERROR;
				GCC_WARN_UNDECLARED_SELECTOR = YES;
				GCC_WARN_UNINITIALIZED_AUTOS = YES_AGGRESSIVE;
				GCC_WARN_UNUSED_FUNCTION = YES;
				GCC_WARN_UNUSED_VARIABLE = YES;
				IPHONEOS_DEPLOYMENT_TARGET = 15.5;
				MTL_ENABLE_DEBUG_INFO = INCLUDE_SOURCE;
				MTL_FAST_MATH = YES;
				ONLY_ACTIVE_ARCH = YES;
				SDKROOT = iphoneos;
				SWIFT_ACTIVE_COMPILATION_CONDITIONS = DEBUG;
				SWIFT_OPTIMIZATION_LEVEL = "-Onone";
			};
			name = Debug;
		};
		F2DAA25A2838BD4A00AD45A4 /* Release */ = {
			isa = XCBuildConfiguration;
			buildSettings = {
				ALWAYS_SEARCH_USER_PATHS = NO;
				CLANG_ANALYZER_NONNULL = YES;
				CLANG_ANALYZER_NUMBER_OBJECT_CONVERSION = YES_AGGRESSIVE;
				CLANG_CXX_LANGUAGE_STANDARD = "gnu++17";
				CLANG_ENABLE_MODULES = YES;
				CLANG_ENABLE_OBJC_ARC = YES;
				CLANG_ENABLE_OBJC_WEAK = YES;
				CLANG_WARN_BLOCK_CAPTURE_AUTORELEASING = YES;
				CLANG_WARN_BOOL_CONVERSION = YES;
				CLANG_WARN_COMMA = YES;
				CLANG_WARN_CONSTANT_CONVERSION = YES;
				CLANG_WARN_DEPRECATED_OBJC_IMPLEMENTATIONS = YES;
				CLANG_WARN_DIRECT_OBJC_ISA_USAGE = YES_ERROR;
				CLANG_WARN_DOCUMENTATION_COMMENTS = YES;
				CLANG_WARN_EMPTY_BODY = YES;
				CLANG_WARN_ENUM_CONVERSION = YES;
				CLANG_WARN_INFINITE_RECURSION = YES;
				CLANG_WARN_INT_CONVERSION = YES;
				CLANG_WARN_NON_LITERAL_NULL_CONVERSION = YES;
				CLANG_WARN_OBJC_IMPLICIT_RETAIN_SELF = YES;
				CLANG_WARN_OBJC_LITERAL_CONVERSION = YES;
				CLANG_WARN_OBJC_ROOT_CLASS = YES_ERROR;
				CLANG_WARN_QUOTED_INCLUDE_IN_FRAMEWORK_HEADER = YES;
				CLANG_WARN_RANGE_LOOP_ANALYSIS = YES;
				CLANG_WARN_STRICT_PROTOTYPES = YES;
				CLANG_WARN_SUSPICIOUS_MOVE = YES;
				CLANG_WARN_UNGUARDED_AVAILABILITY = YES_AGGRESSIVE;
				CLANG_WARN_UNREACHABLE_CODE = YES;
				CLANG_WARN__DUPLICATE_METHOD_MATCH = YES;
				COPY_PHASE_STRIP = NO;
				DEBUG_INFORMATION_FORMAT = "dwarf-with-dsym";
				ENABLE_NS_ASSERTIONS = NO;
				ENABLE_STRICT_OBJC_MSGSEND = YES;
				GCC_C_LANGUAGE_STANDARD = gnu11;
				GCC_NO_COMMON_BLOCKS = YES;
				GCC_WARN_64_TO_32_BIT_CONVERSION = YES;
				GCC_WARN_ABOUT_RETURN_TYPE = YES_ERROR;
				GCC_WARN_UNDECLARED_SELECTOR = YES;
				GCC_WARN_UNINITIALIZED_AUTOS = YES_AGGRESSIVE;
				GCC_WARN_UNUSED_FUNCTION = YES;
				GCC_WARN_UNUSED_VARIABLE = YES;
				IPHONEOS_DEPLOYMENT_TARGET = 15.5;
				MTL_ENABLE_DEBUG_INFO = NO;
				MTL_FAST_MATH = YES;
				SDKROOT = iphoneos;
				SWIFT_COMPILATION_MODE = wholemodule;
				SWIFT_OPTIMIZATION_LEVEL = "-O";
				VALIDATE_PRODUCT = YES;
			};
			name = Release;
		};
		F2DAA25C2838BD4A00AD45A4 /* Debug */ = {
			isa = XCBuildConfiguration;
			buildSettings = {
				ASSETCATALOG_COMPILER_APPICON_NAME = AppIcon;
				ASSETCATALOG_COMPILER_GLOBAL_ACCENT_COLOR_NAME = AccentColor;
				CODE_SIGN_STYLE = Automatic;
				CURRENT_PROJECT_VERSION = 1;
				GENERATE_INFOPLIST_FILE = YES;
				INFOPLIST_FILE = OrderApp/Info.plist;
				INFOPLIST_KEY_UIApplicationSupportsIndirectInputEvents = YES;
				INFOPLIST_KEY_UILaunchStoryboardName = LaunchScreen;
				INFOPLIST_KEY_UIMainStoryboardFile = Main;
				INFOPLIST_KEY_UISupportedInterfaceOrientations_iPad = "UIInterfaceOrientationPortrait UIInterfaceOrientationPortraitUpsideDown UIInterfaceOrientationLandscapeLeft UIInterfaceOrientationLandscapeRight";
				INFOPLIST_KEY_UISupportedInterfaceOrientations_iPhone = "UIInterfaceOrientationPortrait UIInterfaceOrientationLandscapeLeft UIInterfaceOrientationLandscapeRight";
				LD_RUNPATH_SEARCH_PATHS = (
					"$(inherited)",
					"@executable_path/Frameworks",
				);
				MARKETING_VERSION = 1.0;
				PRODUCT_BUNDLE_IDENTIFIER = com.example.OrderApp;
				PRODUCT_NAME = "$(TARGET_NAME)";
				SWIFT_EMIT_LOC_STRINGS = YES;
				SWIFT_VERSION = 5.0;
				TARGETED_DEVICE_FAMILY = "1,2";
			};
			name = Debug;
		};
		F2DAA25D2838BD4A00AD45A4 /* Release */ = {
			isa = XCBuildConfiguration;
			buildSettings = {
				ASSETCATALOG_COMPILER_APPICON_NAME = AppIcon;
				ASSETCATALOG_COMPILER_GLOBAL_ACCENT_COLOR_NAME = AccentColor;
				CODE_SIGN_STYLE = Automatic;
				CURRENT_PROJECT_VERSION = 1;
				GENERATE_INFOPLIST_FILE = YES;
				INFOPLIST_FILE = OrderApp/Info.plist;
				INFOPLIST_KEY_UIApplicationSupportsIndirectInputEvents = YES;
				INFOPLIST_KEY_UILaunchStoryboardName = LaunchScreen;
				INFOPLIST_KEY_UIMainStoryboardFile = Main;
				INFOPLIST_KEY_UISupportedInterfaceOrientations_iPad = "UIInterfaceOrientationPortrait UIInterfaceOrientationPortraitUpsideDown UIInterfaceOrientationLandscapeLeft UIInterfaceOrientationLandscapeRight";
				INFOPLIST_KEY_UISupportedInterfaceOrientations_iPhone = "UIInterfaceOrientationPortrait UIInterfaceOrientationLandscapeLeft UIInterfaceOrientationLandscapeRight";
				LD_RUNPATH_SEARCH_PATHS = (
					"$(inherited)",
					"@executable_path/Frameworks",
				);
				MARKETING_VERSION = 1.0;
				PRODUCT_BUNDLE_IDENTIFIER = com.example.OrderApp;
				PRODUCT_NAME = "$(TARGET_NAME)";
				SWIFT_EMIT_LOC_STRINGS = YES;
				SWIFT_VERSION = 5.0;
				TARGETED_DEVICE_FAMILY = "1,2";
			};
			name = Release;
		};
/* End XCBuildConfiguration section */

/* Begin XCConfigurationList section */
		F2DAA2422838BD4700AD45A4 /* Build configuration list for PBXProject "OrderApp" */ = {
			isa = XCConfigurationList;
			buildConfigurations = (
				F2DAA2592838BD4A00AD45A4 /* Debug */,
				F2DAA25A2838BD4A00AD45A4 /* Release */,
			);
			defaultConfigurationIsVisible = 0;
			defaultConfigurationName = Release;
		};
		F2DAA25B2838BD4A00AD45A4 /* Build configuration list for PBXNativeTarget "OrderApp" */ = {
			isa = XCConfigurationList;
			buildConfigurations = (
				F2DAA25C2838BD4A00AD45A4 /* Debug */,
				F2DAA25D2838BD4A00AD45A4 /* Release */,
			);
			defaultConfigurationIsVisible = 0;
			defaultConfigurationName = Release;
		};
/* End XCConfigurationList section */
	};
	rootObject = F2DAA23F2838BD4700AD45A4 /* Project object */;
}
